
Microsoft Visual Studio Solution File, Format Version 12.00
Project("{FAE04EC0-301F-11D3-BF4B-00C04F79EFBC}") = "order-producer", "order-producer\order-producer.csproj", "{B3DBB24B-615E-473C-A076-767D696EF486}"
EndProject
Project("{FAE04EC0-301F-11D3-BF4B-00C04F79EFBC}") = "billing-service", "billing-service\billing-service.csproj", "{D7F301CC-7170-4077-BA77-490331185642}"
EndProject
Project("{FAE04EC0-301F-11D3-BF4B-00C04F79EFBC}") = "SharedLib", "SharedLib\SharedLib.csproj", "{3681AC5D-9E08-4B73-A073-2C9B36D201E2}"
EndProject
Global
	GlobalSection(SolutionConfigurationPlatforms) = preSolution
		Debug|Any CPU = Debug|Any CPU
		Release|Any CPU = Release|Any CPU
	EndGlobalSection
	GlobalSection(ProjectConfigurationPlatforms) = postSolution
		{B3DBB24B-615E-473C-A076-767D696EF486}.Debug|Any CPU.ActiveCfg = Debug|Any CPU
		{B3DBB24B-615E-473C-A076-767D696EF486}.Debug|Any CPU.Build.0 = Debug|Any CPU
		{B3DBB24B-615E-473C-A076-767D696EF486}.Release|Any CPU.ActiveCfg = Release|Any CPU
		{B3DBB24B-615E-473C-A076-767D696EF486}.Release|Any CPU.Build.0 = Release|Any CPU
		{D7F301CC-7170-4077-BA77-490331185642}.Debug|Any CPU.ActiveCfg = Debug|Any CPU
		{D7F301CC-7170-4077-BA77-490331185642}.Debug|Any CPU.Build.0 = Debug|Any CPU
		{D7F301CC-7170-4077-BA77-490331185642}.Release|Any CPU.ActiveCfg = Release|Any CPU
		{D7F301CC-7170-4077-BA77-490331185642}.Release|Any CPU.Build.0 = Release|Any CPU
		{3681AC5D-9E08-4B73-A073-2C9B36D201E2}.Debug|Any CPU.ActiveCfg = Debug|Any CPU
		{3681AC5D-9E08-4B73-A073-2C9B36D201E2}.Debug|Any CPU.Build.0 = Debug|Any CPU
		{3681AC5D-9E08-4B73-A073-2C9B36D201E2}.Release|Any CPU.ActiveCfg = Release|Any CPU
		{3681AC5D-9E08-4B73-A073-2C9B36D201E2}.Release|Any CPU.Build.0 = Release|Any CPU
	EndGlobalSection
EndGlobal
